PODS:
  - cupertino_http (0.0.1):
    - Flutter
    - FlutterMacOS
  - Flutter (1.0.0)
  - objective_c (0.0.1):
    - Flutter

DEPENDENCIES:
  - cupertino_http (from `.symlinks/plugins/cupertino_http/darwin`)
  - Flutter (from `Flutter`)
  - objective_c (from `.symlinks/plugins/objective_c/ios`)

EXTERNAL SOURCES:
  cupertino_http:
    :path: ".symlinks/plugins/cupertino_http/darwin"
  Flutter:
    :path: Flutter
  objective_c:
    :path: ".symlinks/plugins/objective_c/ios"

SPEC CHECKSUMS:
  cupertino_http: 94ac07f5ff090b8effa6c5e2c47871d48ab7c86c
  Flutter: e0871f40cf51350855a761d2e70bf5af5b9b5de7
  objective_c: 89e720c30d716b036faf9c9684022048eee1eee2

PODFILE CHECKSUM: 251cb053df7158f337c0712f2ab29f4e0fa474ce

COCOAPODS: 1.16.2
